
Microsoft Visual Studio Solution File, Format Version 12.00
# Visual Studio Version 17
VisualStudioVersion = 17.10.35013.160
MinimumVisualStudioVersion = 10.0.40219.1
Project("{FAE04EC0-301F-11D3-BF4B-00C04F79EFBC}") = "URITrain", "URITrain\URITrain.csproj", "{08374B83-7521-4EB4-AB2C-AFD539981DD6}"
EndProject
Global
	GlobalSection(SolutionConfigurationPlatforms) = preSolution
		Debug|Any CPU = Debug|Any CPU
		Release|Any CPU = Release|Any CPU
	EndGlobalSection
	GlobalSection(ProjectConfigurationPlatforms) = postSolution
		{08374B83-7521-4EB4-AB2C-AFD539981DD6}.Debug|Any CPU.ActiveCfg = Debug|Any CPU
		{08374B83-7521-4EB4-AB2C-AFD539981DD6}.Debug|Any CPU.Build.0 = Debug|Any CPU
		{08374B83-7521-4EB4-AB2C-AFD539981DD6}.Release|Any CPU.ActiveCfg = Release|Any CPU
		{08374B83-7521-4EB4-AB2C-AFD539981DD6}.Release|Any CPU.Build.0 = Release|Any CPU
	EndGlobalSection
	GlobalSection(SolutionProperties) = preSolution
		HideSolutionNode = FALSE
	EndGlobalSection
	GlobalSection(ExtensibilityGlobals) = postSolution
		SolutionGuid = {F4BCC13C-25DB-48FA-ACC3-3D18273AE7A3}
	EndGlobalSection
EndGlobal
